
Microsoft Visual Studio Solution File, Format Version 12.00
# Visual Studio Version 16
VisualStudioVersion = 25.0.1706.7
MinimumVisualStudioVersion = 10.0.40219.1
Project("{FAE04EC0-301F-11D3-BF4B-00C04F79EFBC}") = "FindMe", "FindMe\FindMe.csproj", "{DCCFD480-B2D6-417A-8F55-C7070447049B}"
EndProject
Global
	GlobalSection(SolutionConfigurationPlatforms) = preSolution
		Debug|Any CPU = Debug|Any CPU
		Release|Any CPU = Release|Any CPU
	EndGlobalSection
	GlobalSection(ProjectConfigurationPlatforms) = postSolution
		{DCCFD480-B2D6-417A-8F55-C7070447049B}.Debug|Any CPU.ActiveCfg = Debug|Any CPU
		{DCCFD480-B2D6-417A-8F55-C7070447049B}.Debug|Any CPU.Build.0 = Debug|Any CPU
		{DCCFD480-B2D6-417A-8F55-C7070447049B}.Release|Any CPU.ActiveCfg = Release|Any CPU
		{DCCFD480-B2D6-417A-8F55-C7070447049B}.Release|Any CPU.Build.0 = Release|Any CPU
	EndGlobalSection
	GlobalSection(SolutionProperties) = preSolution
		HideSolutionNode = FALSE
	EndGlobalSection
	GlobalSection(ExtensibilityGlobals) = postSolution
		SolutionGuid = {FC809831-BB54-4655-8958-D4149D4D471D}
	EndGlobalSection
EndGlobal
